
Microsoft Visual Studio Solution File, Format Version 12.00
# Visual Studio Version 16
VisualStudioVersion = 16.0.30104.148
MinimumVisualStudioVersion = 10.0.40219.1
Project("{FAE04EC0-301F-11D3-BF4B-00C04F79EFBC}") = "MVCUseDotnetCoreDI", "MVCUseDotnetCoreDI\MVCUseDotnetCoreDI.csproj", "{3CCB6EC2-4AAD-46F0-B96A-4D1293B6721C}"
EndProject
Global
	GlobalSection(SolutionConfigurationPlatforms) = preSolution
		Debug|Any CPU = Debug|Any CPU
		Release|Any CPU = Release|Any CPU
	EndGlobalSection
	GlobalSection(ProjectConfigurationPlatforms) = postSolution
		{3CCB6EC2-4AAD-46F0-B96A-4D1293B6721C}.Debug|Any CPU.ActiveCfg = Debug|Any CPU
		{3CCB6EC2-4AAD-46F0-B96A-4D1293B6721C}.Debug|Any CPU.Build.0 = Debug|Any CPU
		{3CCB6EC2-4AAD-46F0-B96A-4D1293B6721C}.Release|Any CPU.ActiveCfg = Release|Any CPU
		{3CCB6EC2-4AAD-46F0-B96A-4D1293B6721C}.Release|Any CPU.Build.0 = Release|Any CPU
	EndGlobalSection
	GlobalSection(SolutionProperties) = preSolution
		HideSolutionNode = FALSE
	EndGlobalSection
	GlobalSection(ExtensibilityGlobals) = postSolution
		SolutionGuid = {245707F8-80DC-4A2F-9DF6-AEEE44299BCF}
	EndGlobalSection
EndGlobal
